// !$*UTF8*$!
{
	archiveVersion = 1;
	classes = {
	};
	objectVersion = 48;
	objects = {

/* Begin PBXBuildFile section */
		24C76DBB08BF9930F53F8085 /* Pods_AnimalWorld.framework in Frameworks */ = {isa = PBXBuildFile; fileRef = 218D4330BFE77B3DC3269557 /* Pods_AnimalWorld.framework */; };
		D9E0F6B31FB85D2500D5B6D0 /* AnimalsViewController.swift in Sources */ = {isa = PBXBuildFile; fileRef = D9E0F6B21FB85D2500D5B6D0 /* AnimalsViewController.swift */; };
		D9E0F6B91FB8603000D5B6D0 /* DataManager.swift in Sources */ = {isa = PBXBuildFile; fileRef = D9E0F6B81FB8603000D5B6D0 /* DataManager.swift */; };
		D9E0F6BB1FB867B900D5B6D0 /* CategoryAnimalViewController.swift in Sources */ = {isa = PBXBuildFile; fileRef = D9E0F6BA1FB867B900D5B6D0 /* CategoryAnimalViewController.swift */; };
		D9E0F6BD1FB86B1200D5B6D0 /* CategoryAnimalTableViewCell.swift in Sources */ = {isa = PBXBuildFile; fileRef = D9E0F6BC1FB86B1200D5B6D0 /* CategoryAnimalTableViewCell.swift */; };
		D9E0F6BF1FB87A2400D5B6D0 /* Category.swift in Sources */ = {isa = PBXBuildFile; fileRef = D9E0F6BE1FB87A2400D5B6D0 /* Category.swift */; };
		D9F504841FB855AD002F1941 /* AppDelegate.swift in Sources */ = {isa = PBXBuildFile; fileRef = D9F504831FB855AD002F1941 /* AppDelegate.swift */; };
		D9F504891FB855AD002F1941 /* Main.storyboard in Resources */ = {isa = PBXBuildFile; fileRef = D9F504871FB855AD002F1941 /* Main.storyboard */; };
		D9F5048B1FB855AD002F1941 /* Assets.xcassets in Resources */ = {isa = PBXBuildFile; fileRef = D9F5048A1FB855AD002F1941 /* Assets.xcassets */; };
		D9F5048E1FB855AD002F1941 /* LaunchScreen.storyboard in Resources */ = {isa = PBXBuildFile; fileRef = D9F5048C1FB855AD002F1941 /* LaunchScreen.storyboard */; };
/* End PBXBuildFile section */

/* Begin PBXFileReference section */
		1D9234B14EEA7BDDACC3FB2E /* Pods-AnimalWorld.release.xcconfig */ = {isa = PBXFileReference; includeInIndex = 1; lastKnownFileType = text.xcconfig; name = "Pods-AnimalWorld.release.xcconfig"; path = "Pods/Target Support Files/Pods-AnimalWorld/Pods-AnimalWorld.release.xcconfig"; sourceTree = "<group>"; };
		218D4330BFE77B3DC3269557 /* Pods_AnimalWorld.framework */ = {isa = PBXFileReference; explicitFileType = wrapper.framework; includeInIndex = 0; path = Pods_AnimalWorld.framework; sourceTree = BUILT_PRODUCTS_DIR; };
		BB570F16CBF4E0CC51C1C218 /* Pods-AnimalWorld.debug.xcconfig */ = {isa = PBXFileReference; includeInIndex = 1; lastKnownFileType = text.xcconfig; name = "Pods-AnimalWorld.debug.xcconfig"; path = "Pods/Target Support Files/Pods-AnimalWorld/Pods-AnimalWorld.debug.xcconfig"; sourceTree = "<group>"; };
		D9E0F6B21FB85D2500D5B6D0 /* AnimalsViewController.swift */ = {isa = PBXFileReference; lastKnownFileType = sourcecode.swift; path = AnimalsViewController.swift; sourceTree = "<group>"; };
		D9E0F6B81FB8603000D5B6D0 /* DataManager.swift */ = {isa = PBXFileReference; lastKnownFileType = sourcecode.swift; path = DataManager.swift; sourceTree = "<group>"; };
		D9E0F6BA1FB867B900D5B6D0 /* CategoryAnimalViewController.swift */ = {isa = PBXFileReference; lastKnownFileType = sourcecode.swift; path = CategoryAnimalViewController.swift; sourceTree = "<group>"; };
		D9E0F6BC1FB86B1200D5B6D0 /* CategoryAnimalTableViewCell.swift */ = {isa = PBXFileReference; lastKnownFileType = sourcecode.swift; path = CategoryAnimalTableViewCell.swift; sourceTree = "<group>"; };
		D9E0F6BE1FB87A2400D5B6D0 /* Category.swift */ = {isa = PBXFileReference; lastKnownFileType = sourcecode.swift; path = Category.swift; sourceTree = "<group>"; };
		D9F504801FB855AD002F1941 /* AnimalWorld.app */ = {isa = PBXFileReference; explicitFileType = wrapper.application; includeInIndex = 0; path = AnimalWorld.app; sourceTree = BUILT_PRODUCTS_DIR; };
		D9F504831FB855AD002F1941 /* AppDelegate.swift */ = {isa = PBXFileReference; lastKnownFileType = sourcecode.swift; path = AppDelegate.swift; sourceTree = "<group>"; };
		D9F504881FB855AD002F1941 /* Base */ = {isa = PBXFileReference; lastKnownFileType = file.storyboard; name = Base; path = Base.lproj/Main.storyboard; sourceTree = "<group>"; };
		D9F5048A1FB855AD002F1941 /* Assets.xcassets */ = {isa = PBXFileReference; lastKnownFileType = folder.assetcatalog; path = Assets.xcassets; sourceTree = "<group>"; };
		D9F5048D1FB855AD002F1941 /* Base */ = {isa = PBXFileReference; lastKnownFileType = file.storyboard; name = Base; path = Base.lproj/LaunchScreen.storyboard; sourceTree = "<group>"; };
		D9F5048F1FB855AD002F1941 /* Info.plist */ = {isa = PBXFileReference; lastKnownFileType = text.plist.xml; path = Info.plist; sourceTree = "<group>"; };
/* End PBXFileReference section */

/* Begin PBXFrameworksBuildPhase section */
		D9F5047D1FB855AD002F1941 /* Frameworks */ = {
			isa = PBXFrameworksBuildPhase;
			buildActionMask = 2147483647;
			files = (
				24C76DBB08BF9930F53F8085 /* Pods_AnimalWorld.framework in Frameworks */,
			);
			runOnlyForDeploymentPostprocessing = 0;
		};
/* End PBXFrameworksBuildPhase section */

/* Begin PBXGroup section */
		34AA9E4D5B6A10330E8A14CD /* Pods */ = {
			isa = PBXGroup;
			children = (
				BB570F16CBF4E0CC51C1C218 /* Pods-AnimalWorld.debug.xcconfig */,
				1D9234B14EEA7BDDACC3FB2E /* Pods-AnimalWorld.release.xcconfig */,
			);
			name = Pods;
			sourceTree = "<group>";
		};
		653AB69A499502B11A85AA5F /* Frameworks */ = {
			isa = PBXGroup;
			children = (
				218D4330BFE77B3DC3269557 /* Pods_AnimalWorld.framework */,
			);
			name = Frameworks;
			sourceTree = "<group>";
		};
		D9E0F6B41FB85F1500D5B6D0 /* Model */ = {
			isa = PBXGroup;
			children = (
				D9E0F6B81FB8603000D5B6D0 /* DataManager.swift */,
				D9E0F6BE1FB87A2400D5B6D0 /* Category.swift */,
			);
			path = Model;
			sourceTree = "<group>";
		};
		D9E0F6B51FB85F1C00D5B6D0 /* Views */ = {
			isa = PBXGroup;
			children = (
				D9E0F6BC1FB86B1200D5B6D0 /* CategoryAnimalTableViewCell.swift */,
			);
			path = Views;
			sourceTree = "<group>";
		};
		D9E0F6B61FB85F2700D5B6D0 /* Controllers */ = {
			isa = PBXGroup;
			children = (
				D9F504871FB855AD002F1941 /* Main.storyboard */,
				D9E0F6BA1FB867B900D5B6D0 /* CategoryAnimalViewController.swift */,
				D9E0F6B21FB85D2500D5B6D0 /* AnimalsViewController.swift */,
			);
			path = Controllers;
			sourceTree = "<group>";
		};
		D9E0F6B71FB85FDF00D5B6D0 /* Supporting Files */ = {
			isa = PBXGroup;
			children = (
				D9F504831FB855AD002F1941 /* AppDelegate.swift */,
				D9F5048A1FB855AD002F1941 /* Assets.xcassets */,
				D9F5048C1FB855AD002F1941 /* LaunchScreen.storyboard */,
				D9F5048F1FB855AD002F1941 /* Info.plist */,
			);
			name = "Supporting Files";
			sourceTree = "<group>";
		};
		D9F504771FB855AD002F1941 = {
			isa = PBXGroup;
			children = (
				D9F504821FB855AD002F1941 /* AnimalWorld */,
				D9F504811FB855AD002F1941 /* Products */,
				34AA9E4D5B6A10330E8A14CD /* Pods */,
				653AB69A499502B11A85AA5F /* Frameworks */,
			);
			sourceTree = "<group>";
		};
		D9F504811FB855AD002F1941 /* Products */ = {
			isa = PBXGroup;
			children = (
				D9F504801FB855AD002F1941 /* AnimalWorld.app */,
			);
			name = Products;
			sourceTree = "<group>";
		};
		D9F504821FB855AD002F1941 /* AnimalWorld */ = {
			isa = PBXGroup;
			children = (
				D9E0F6B41FB85F1500D5B6D0 /* Model */,
				D9E0F6B51FB85F1C00D5B6D0 /* Views */,
				D9E0F6B61FB85F2700D5B6D0 /* Controllers */,
				D9E0F6B71FB85FDF00D5B6D0 /* Supporting Files */,
			);
			path = AnimalWorld;
			sourceTree = "<group>";
		};
/* End PBXGroup section */

/* Begin PBXNativeTarget section */
		D9F5047F1FB855AD002F1941 /* AnimalWorld */ = {
			isa = PBXNativeTarget;
			buildConfigurationList = D9F504921FB855AD002F1941 /* Build configuration list for PBXNativeTarget "AnimalWorld" */;
			buildPhases = (
				DA55D1C201D7854A7ADB2F9E /* [CP] Check Pods Manifest.lock */,
				D9F5047C1FB855AD002F1941 /* Sources */,
				D9F5047D1FB855AD002F1941 /* Frameworks */,
				D9F5047E1FB855AD002F1941 /* Resources */,
				51E294D95C27E7EFBD3EC2F0 /* [CP] Embed Pods Frameworks */,
				3FC717EA032974E2B418A8C1 /* [CP] Copy Pods Resources */,
				D9D620501FB8598300855647 /* ShellScript */,
			);
			buildRules = (
			);
			dependencies = (
			);
			name = AnimalWorld;
			productName = AnimalWorld;
			productReference = D9F504801FB855AD002F1941 /* AnimalWorld.app */;
			productType = "com.apple.product-type.application";
		};
/* End PBXNativeTarget section */

/* Begin PBXProject section */
		D9F504781FB855AD002F1941 /* Project object */ = {
			isa = PBXProject;
			attributes = {
				LastSwiftUpdateCheck = 0910;
				LastUpgradeCheck = 0910;
				ORGANIZATIONNAME = "Alexandr Voronoy";
				TargetAttributes = {
					D9F5047F1FB855AD002F1941 = {
						CreatedOnToolsVersion = 9.1;
						ProvisioningStyle = Automatic;
					};
				};
			};
			buildConfigurationList = D9F5047B1FB855AD002F1941 /* Build configuration list for PBXProject "AnimalWorld" */;
			compatibilityVersion = "Xcode 8.0";
			developmentRegion = en;
			hasScannedForEncodings = 0;
			knownRegions = (
				en,
				Base,
			);
			mainGroup = D9F504771FB855AD002F1941;
			productRefGroup = D9F504811FB855AD002F1941 /* Products */;
			projectDirPath = "";
			projectRoot = "";
			targets = (
				D9F5047F1FB855AD002F1941 /* AnimalWorld */,
			);
		};
/* End PBXProject section */

/* Begin PBXResourcesBuildPhase section */
		D9F5047E1FB855AD002F1941 /* Resources */ = {
			isa = PBXResourcesBuildPhase;
			buildActionMask = 2147483647;
			files = (
				D9F5048E1FB855AD002F1941 /* LaunchScreen.storyboard in Resources */,
				D9F5048B1FB855AD002F1941 /* Assets.xcassets in Resources */,
				D9F504891FB855AD002F1941 /* Main.storyboard in Resources */,
			);
			runOnlyForDeploymentPostprocessing = 0;
		};
/* End PBXResourcesBuildPhase section */

/* Begin PBXShellScriptBuildPhase section */
		3FC717EA032974E2B418A8C1 /* [CP] Copy Pods Resources */ = {
			isa = PBXShellScriptBuildPhase;
			buildActionMask = 2147483647;
			files = (
			);
			inputPaths = (
			);
			name = "[CP] Copy Pods Resources";
			outputPaths = (
			);
			runOnlyForDeploymentPostprocessing = 0;
			shellPath = /bin/sh;
			shellScript = "\"${SRCROOT}/Pods/Target Support Files/Pods-AnimalWorld/Pods-AnimalWorld-resources.sh\"\n";
			showEnvVarsInLog = 0;
		};
		51E294D95C27E7EFBD3EC2F0 /* [CP] Embed Pods Frameworks */ = {
			isa = PBXShellScriptBuildPhase;
			buildActionMask = 2147483647;
			files = (
			);
			inputPaths = (
			);
			name = "[CP] Embed Pods Frameworks";
			outputPaths = (
			);
			runOnlyForDeploymentPostprocessing = 0;
			shellPath = /bin/sh;
			shellScript = "\"${SRCROOT}/Pods/Target Support Files/Pods-AnimalWorld/Pods-AnimalWorld-frameworks.sh\"\n";
			showEnvVarsInLog = 0;
		};
		D9D620501FB8598300855647 /* ShellScript */ = {
			isa = PBXShellScriptBuildPhase;
			buildActionMask = 2147483647;
			files = (
			);
			inputPaths = (
			);
			outputPaths = (
			);
			runOnlyForDeploymentPostprocessing = 0;
			shellPath = /bin/sh;
			shellScript = "\"${PODS_ROOT}/SwiftLint/swiftlint\"";
		};
		DA55D1C201D7854A7ADB2F9E /* [CP] Check Pods Manifest.lock */ = {
			isa = PBXShellScriptBuildPhase;
			buildActionMask = 2147483647;
			files = (
			);
			inputPaths = (
				"${PODS_PODFILE_DIR_PATH}/Podfile.lock",
				"${PODS_ROOT}/Manifest.lock",
			);
			name = "[CP] Check Pods Manifest.lock";
			outputPaths = (
				"$(DERIVED_FILE_DIR)/Pods-AnimalWorld-checkManifestLockResult.txt",
			);
			runOnlyForDeploymentPostprocessing = 0;
			shellPath = /bin/sh;
			shellScript = "diff \"${PODS_PODFILE_DIR_PATH}/Podfile.lock\" \"${PODS_ROOT}/Manifest.lock\" > /dev/null\nif [ $? != 0 ] ; then\n    # print error to STDERR\n    echo \"error: The sandbox is not in sync with the Podfile.lock. Run 'pod install' or update your CocoaPods installation.\" >&2\n    exit 1\nfi\n# This output is used by Xcode 'outputs' to avoid re-running this script phase.\necho \"SUCCESS\" > \"${SCRIPT_OUTPUT_FILE_0}\"\n";
			showEnvVarsInLog = 0;
		};
/* End PBXShellScriptBuildPhase section */

/* Begin PBXSourcesBuildPhase section */
		D9F5047C1FB855AD002F1941 /* Sources */ = {
			isa = PBXSourcesBuildPhase;
			buildActionMask = 2147483647;
			files = (
				D9E0F6BB1FB867B900D5B6D0 /* CategoryAnimalViewController.swift in Sources */,
				D9F504841FB855AD002F1941 /* AppDelegate.swift in Sources */,
				D9E0F6B91FB8603000D5B6D0 /* DataManager.swift in Sources */,
				D9E0F6B31FB85D2500D5B6D0 /* AnimalsViewController.swift in Sources */,
				D9E0F6BD1FB86B1200D5B6D0 /* CategoryAnimalTableViewCell.swift in Sources */,
				D9E0F6BF1FB87A2400D5B6D0 /* Category.swift in Sources */,
			);
			runOnlyForDeploymentPostprocessing = 0;
		};
/* End PBXSourcesBuildPhase section */

/* Begin PBXVariantGroup section */
		D9F504871FB855AD002F1941 /* Main.storyboard */ = {
			isa = PBXVariantGroup;
			children = (
				D9F504881FB855AD002F1941 /* Base */,
			);
			name = Main.storyboard;
			sourceTree = "<group>";
		};
		D9F5048C1FB855AD002F1941 /* LaunchScreen.storyboard */ = {
			isa = PBXVariantGroup;
			children = (
				D9F5048D1FB855AD002F1941 /* Base */,
			);
			name = LaunchScreen.storyboard;
			sourceTree = "<group>";
		};
/* End PBXVariantGroup section */

/* Begin XCBuildConfiguration section */
		D9F504901FB855AD002F1941 /* Debug */ = {
			isa = XCBuildConfiguration;
			buildSettings = {
				ALWAYS_SEARCH_USER_PATHS = NO;
				CLANG_ANALYZER_NONNULL = YES;
				CLANG_ANALYZER_NUMBER_OBJECT_CONVERSION = YES_AGGRESSIVE;
				CLANG_CXX_LANGUAGE_STANDARD = "gnu++14";
				CLANG_CXX_LIBRARY = "libc++";
				CLANG_ENABLE_MODULES = YES;
				CLANG_ENABLE_OBJC_ARC = YES;
				CLANG_WARN_BLOCK_CAPTURE_AUTORELEASING = YES;
				CLANG_WARN_BOOL_CONVERSION = YES;
				CLANG_WARN_COMMA = YES;
				CLANG_WARN_CONSTANT_CONVERSION = YES;
				CLANG_WARN_DIRECT_OBJC_ISA_USAGE = YES_ERROR;
				CLANG_WARN_DOCUMENTATION_COMMENTS = YES;
				CLANG_WARN_EMPTY_BODY = YES;
				CLANG_WARN_ENUM_CONVERSION = YES;
				CLANG_WARN_INFINITE_RECURSION = YES;
				CLANG_WARN_INT_CONVERSION = YES;
				CLANG_WARN_NON_LITERAL_NULL_CONVERSION = YES;
				CLANG_WARN_OBJC_LITERAL_CONVERSION = YES;
				CLANG_WARN_OBJC_ROOT_CLASS = YES_ERROR;
				CLANG_WARN_RANGE_LOOP_ANALYSIS = YES;
				CLANG_WARN_STRICT_PROTOTYPES = YES;
				CLANG_WARN_SUSPICIOUS_MOVE = YES;
				CLANG_WARN_UNGUARDED_AVAILABILITY = YES_AGGRESSIVE;
				CLANG_WARN_UNREACHABLE_CODE = YES;
				CLANG_WARN__DUPLICATE_METHOD_MATCH = YES;
				CODE_SIGN_IDENTITY = "iPhone Developer";
				COPY_PHASE_STRIP = NO;
				DEBUG_INFORMATION_FORMAT = dwarf;
				ENABLE_STRICT_OBJC_MSGSEND = YES;
				ENABLE_TESTABILITY = YES;
				GCC_C_LANGUAGE_STANDARD = gnu11;
				GCC_DYNAMIC_NO_PIC = NO;
				GCC_NO_COMMON_BLOCKS = YES;
				GCC_OPTIMIZATION_LEVEL = 0;
				GCC_PREPROCESSOR_DEFINITIONS = (
					"DEBUG=1",
					"$(inherited)",
				);
				GCC_WARN_64_TO_32_BIT_CONVERSION = YES;
				GCC_WARN_ABOUT_RETURN_TYPE = YES_ERROR;
				GCC_WARN_UNDECLARED_SELECTOR = YES;
				GCC_WARN_UNINITIALIZED_AUTOS = YES_AGGRESSIVE;
				GCC_WARN_UNUSED_FUNCTION = YES;
				GCC_WARN_UNUSED_VARIABLE = YES;
				IPHONEOS_DEPLOYMENT_TARGET = 11.1;
				MTL_ENABLE_DEBUG_INFO = YES;
				ONLY_ACTIVE_ARCH = YES;
				SDKROOT = iphoneos;
				SWIFT_ACTIVE_COMPILATION_CONDITIONS = DEBUG;
				SWIFT_OPTIMIZATION_LEVEL = "-Onone";
			};
			name = Debug;
		};
		D9F504911FB855AD002F1941 /* Release */ = {
			isa = XCBuildConfiguration;
			buildSettings = {
				ALWAYS_SEARCH_USER_PATHS = NO;
				CLANG_ANALYZER_NONNULL = YES;
				CLANG_ANALYZER_NUMBER_OBJECT_CONVERSION = YES_AGGRESSIVE;
				CLANG_CXX_LANGUAGE_STANDARD = "gnu++14";
				CLANG_CXX_LIBRARY = "libc++";
				CLANG_ENABLE_MODULES = YES;
				CLANG_ENABLE_OBJC_ARC = YES;
				CLANG_WARN_BLOCK_CAPTURE_AUTORELEASING = YES;
				CLANG_WARN_BOOL_CONVERSION = YES;
				CLANG_WARN_COMMA = YES;
				CLANG_WARN_CONSTANT_CONVERSION = YES;
				CLANG_WARN_DIRECT_OBJC_ISA_USAGE = YES_ERROR;
				CLANG_WARN_DOCUMENTATION_COMMENTS = YES;
				CLANG_WARN_EMPTY_BODY = YES;
				CLANG_WARN_ENUM_CONVERSION = YES;
				CLANG_WARN_INFINITE_RECURSION = YES;
				CLANG_WARN_INT_CONVERSION = YES;
				CLANG_WARN_NON_LITERAL_NULL_CONVERSION = YES;
				CLANG_WARN_OBJC_LITERAL_CONVERSION = YES;
				CLANG_WARN_OBJC_ROOT_CLASS = YES_ERROR;
				CLANG_WARN_RANGE_LOOP_ANALYSIS = YES;
				CLANG_WARN_STRICT_PROTOTYPES = YES;
				CLANG_WARN_SUSPICIOUS_MOVE = YES;
				CLANG_WARN_UNGUARDED_AVAILABILITY = YES_AGGRESSIVE;
				CLANG_WARN_UNREACHABLE_CODE = YES;
				CLANG_WARN__DUPLICATE_METHOD_MATCH = YES;
				CODE_SIGN_IDENTITY = "iPhone Developer";
				COPY_PHASE_STRIP = NO;
				DEBUG_INFORMATION_FORMAT = "dwarf-with-dsym";
				ENABLE_NS_ASSERTIONS = NO;
				ENABLE_STRICT_OBJC_MSGSEND = YES;
				GCC_C_LANGUAGE_STANDARD = gnu11;
				GCC_NO_COMMON_BLOCKS = YES;
				GCC_WARN_64_TO_32_BIT_CONVERSION = YES;
				GCC_WARN_ABOUT_RETURN_TYPE = YES_ERROR;
				GCC_WARN_UNDECLARED_SELECTOR = YES;
				GCC_WARN_UNINITIALIZED_AUTOS = YES_AGGRESSIVE;
				GCC_WARN_UNUSED_FUNCTION = YES;
				GCC_WARN_UNUSED_VARIABLE = YES;
				IPHONEOS_DEPLOYMENT_TARGET = 11.1;
				MTL_ENABLE_DEBUG_INFO = NO;
				SDKROOT = iphoneos;
				SWIFT_OPTIMIZATION_LEVEL = "-Owholemodule";
				VALIDATE_PRODUCT = YES;
			};
			name = Release;
		};
		D9F504931FB855AD002F1941 /* Debug */ = {
			isa = XCBuildConfiguration;
			baseConfigurationReference = BB570F16CBF4E0CC51C1C218 /* Pods-AnimalWorld.debug.xcconfig */;
			buildSettings = {
				ASSETCATALOG_COMPILER_APPICON_NAME = AppIcon;
				CODE_SIGN_STYLE = Automatic;
				INFOPLIST_FILE = AnimalWorld/Info.plist;
				LD_RUNPATH_SEARCH_PATHS = "$(inherited) @executable_path/Frameworks";
				PRODUCT_BUNDLE_IDENTIFIER = SecretOrganization.AnimalWorld;
				PRODUCT_NAME = "$(TARGET_NAME)";
				SWIFT_VERSION = 4.0;
				TARGETED_DEVICE_FAMILY = "1,2";
			};
			name = Debug;
		};
		D9F504941FB855AD002F1941 /* Release */ = {
			isa = XCBuildConfiguration;
			baseConfigurationReference = 1D9234B14EEA7BDDACC3FB2E /* Pods-AnimalWorld.release.xcconfig */;
			buildSettings = {
				ASSETCATALOG_COMPILER_APPICON_NAME = AppIcon;
				CODE_SIGN_STYLE = Automatic;
				INFOPLIST_FILE = AnimalWorld/Info.plist;
				LD_RUNPATH_SEARCH_PATHS = "$(inherited) @executable_path/Frameworks";
				PRODUCT_BUNDLE_IDENTIFIER = SecretOrganization.AnimalWorld;
				PRODUCT_NAME = "$(TARGET_NAME)";
				SWIFT_VERSION = 4.0;
				TARGETED_DEVICE_FAMILY = "1,2";
			};
			name = Release;
		};
/* End XCBuildConfiguration section */

/* Begin XCConfigurationList section */
		D9F5047B1FB855AD002F1941 /* Build configuration list for PBXProject "AnimalWorld" */ = {
			isa = XCConfigurationList;
			buildConfigurations = (
				D9F504901FB855AD002F1941 /* Debug */,
				D9F504911FB855AD002F1941 /* Release */,
			);
			defaultConfigurationIsVisible = 0;
			defaultConfigurationName = Release;
		};
		D9F504921FB855AD002F1941 /* Build configuration list for PBXNativeTarget "AnimalWorld" */ = {
			isa = XCConfigurationList;
			buildConfigurations = (
				D9F504931FB855AD002F1941 /* Debug */,
				D9F504941FB855AD002F1941 /* Release */,
			);
			defaultConfigurationIsVisible = 0;
			defaultConfigurationName = Release;
		};
/* End XCConfigurationList section */
	};
	rootObject = D9F504781FB855AD002F1941 /* Project object */;
}
